# This file is autogenerated, do not edit; changes may be undone by the next 'dep ensure'.


[[projects]]
  digest = "1:160ab0a25b5cc8c8741882b75db882e18806bb1dba87680ef87604aca763bdae"
  name = "github.com/confluentinc/confluent-kafka-go"
  packages = ["kafka"]
  pruneopts = "UT"
  revision = "ecccefd9ca31c656bd33471dc0d9293fcf3de99b"
  version = "v1.0.0"

[[projects]]
  digest = "1:1a4463b400230c46b19676d74552bf24dfddc5287c0e4f3d86bcfec07ad3e666"
  name = "github.com/gojektech/heimdall"
  packages = [
    ".",
    "httpclient",
  ]
  pruneopts = "UT"
  revision = "d96502fee6ce808d44580bd44f1a168fa633bd66"
  version = "v5.0.2"

[[projects]]
  digest = "1:4f9da36d750deeff2ed82b44b15245337d1a2f1bf8a671c80f97059d7ce8517d"
  name = "github.com/gojektech/valkyrie"
  packages = ["."]
  pruneopts = "UT"
  revision = "6aee720afcdffc337029305c126e0079491063f0"
  version = "v1.0"

[[projects]]
  digest = "1:d5f97fc268267ec1b61c3453058c738246fc3e746f14b1ae25161513b7367b0c"
  name = "github.com/gorilla/mux"
  packages = ["."]
  pruneopts = "UT"
  revision = "c5c6c98bc25355028a63748a498942a6398ccd22"
  version = "v1.7.1"

[[projects]]
  digest = "1:cf31692c14422fa27c83a05292eb5cbe0fb2775972e8f1f8446a71549bd8980b"
  name = "github.com/pkg/errors"
  packages = ["."]
  pruneopts = "UT"
  revision = "ba968bfe8b2f7e042a574c888954fccecfa385b4"
  version = "v0.8.1"

[[projects]]
  branch = "master"
  digest = "1:9fdc2b55e8e0fafe4b41884091e51e77344f7dc511c5acedcfd98200003bff90"
  name = "golang.org/x/time"
  packages = ["rate"]
  pruneopts = "UT"
  revision = "9d24e82272b4f38b78bc8cff74fa936d31ccd8ef"

[[projects]]
  branch = "v2"
  digest = "1:988de7520a09024d5d94cd99bd545afbf194893994ec759b1cda0a0bbb6adb80"
  name = "gopkg.in/mgo.v2"
  packages = [
    ".",
    "bson",
    "internal/json",
    "internal/sasl",
    "internal/scram",
  ]
  pruneopts = "UT"
  revision = "9856a29383ce1c59f308dd1cf0363a79b5bef6b5"

[solve-meta]
  analyzer-name = "dep"
  analyzer-version = 1
  input-imports = [
    "github.com/confluentinc/confluent-kafka-go/kafka",
    "github.com/gojektech/heimdall/httpclient",
    "github.com/gorilla/mux",
    "golang.org/x/time/rate",
    "gopkg.in/mgo.v2",
  ]
  solver-name = "gps-cdcl"
  solver-version = 1
